
Microsoft Visual Studio Solution File, Format Version 12.00
# Visual Studio 15
VisualStudioVersion = 15.0.27428.2015
MinimumVisualStudioVersion = 10.0.40219.1
Project("{FAE04EC0-301F-11D3-BF4B-00C04F79EFBC}") = "SimpleCaptcha", "SimpleCaptcha\SimpleCaptcha.csproj", "{21A12E51-F5A4-40FB-BEEB-3247B4839127}"
EndProject
Global
	GlobalSection(SolutionConfigurationPlatforms) = preSolution
		Debug|Any CPU = Debug|Any CPU
		Release|Any CPU = Release|Any CPU
	EndGlobalSection
	GlobalSection(ProjectConfigurationPlatforms) = postSolution
		{21A12E51-F5A4-40FB-BEEB-3247B4839127}.Debug|Any CPU.ActiveCfg = Debug|Any CPU
		{21A12E51-F5A4-40FB-BEEB-3247B4839127}.Debug|Any CPU.Build.0 = Debug|Any CPU
		{21A12E51-F5A4-40FB-BEEB-3247B4839127}.Release|Any CPU.ActiveCfg = Release|Any CPU
		{21A12E51-F5A4-40FB-BEEB-3247B4839127}.Release|Any CPU.Build.0 = Release|Any CPU
	EndGlobalSection
	GlobalSection(SolutionProperties) = preSolution
		HideSolutionNode = FALSE
	EndGlobalSection
	GlobalSection(ExtensibilityGlobals) = postSolution
		SolutionGuid = {2D1849DB-C137-4BC9-AFD8-0D486F0C017F}
	EndGlobalSection
EndGlobal
